
Microsoft Visual Studio Solution File, Format Version 12.00
# Visual Studio 15
VisualStudioVersion = 15.0.27703.2047
MinimumVisualStudioVersion = 10.0.40219.1
Project("{FAE04EC0-301F-11D3-BF4B-00C04F79EFBC}") = "FlooringMastery.UI", "FlooringMastery.UI\FlooringMastery.UI.csproj", "{A96C566A-7433-44AB-B8CD-3BADDAAD206B}"
EndProject
Project("{FAE04EC0-301F-11D3-BF4B-00C04F79EFBC}") = "FlooringMastery.Models", "FlooringMastery.Models\FlooringMastery.Models.csproj", "{ECC808CD-17B7-4112-AD0F-BB7AC356DE64}"
EndProject
Project("{FAE04EC0-301F-11D3-BF4B-00C04F79EFBC}") = "FlooringMastery.BLL", "FlooringMastery.BLL\FlooringMastery.BLL.csproj", "{A522A7D0-9715-4363-B2F4-DA141B699882}"
EndProject
Project("{FAE04EC0-301F-11D3-BF4B-00C04F79EFBC}") = "FlooringMastery.Data", "FlooringMastery.Data\FlooringMastery.Data.csproj", "{D7E511DB-7E14-4351-875D-10C9DA9FC6EB}"
EndProject
Project("{FAE04EC0-301F-11D3-BF4B-00C04F79EFBC}") = "FlooringMastery.Tests", "FlooringMastery.Tests\FlooringMastery.Tests.csproj", "{B972D03F-6820-4798-A5C7-5666FADD354C}"
EndProject
Global
	GlobalSection(SolutionConfigurationPlatforms) = preSolution
		Debug|Any CPU = Debug|Any CPU
		Release|Any CPU = Release|Any CPU
	EndGlobalSection
	GlobalSection(ProjectConfigurationPlatforms) = postSolution
		{A96C566A-7433-44AB-B8CD-3BADDAAD206B}.Debug|Any CPU.ActiveCfg = Debug|Any CPU
		{A96C566A-7433-44AB-B8CD-3BADDAAD206B}.Debug|Any CPU.Build.0 = Debug|Any CPU
		{A96C566A-7433-44AB-B8CD-3BADDAAD206B}.Release|Any CPU.ActiveCfg = Release|Any CPU
		{A96C566A-7433-44AB-B8CD-3BADDAAD206B}.Release|Any CPU.Build.0 = Release|Any CPU
		{ECC808CD-17B7-4112-AD0F-BB7AC356DE64}.Debug|Any CPU.ActiveCfg = Debug|Any CPU
		{ECC808CD-17B7-4112-AD0F-BB7AC356DE64}.Debug|Any CPU.Build.0 = Debug|Any CPU
		{ECC808CD-17B7-4112-AD0F-BB7AC356DE64}.Release|Any CPU.ActiveCfg = Release|Any CPU
		{ECC808CD-17B7-4112-AD0F-BB7AC356DE64}.Release|Any CPU.Build.0 = Release|Any CPU
		{A522A7D0-9715-4363-B2F4-DA141B699882}.Debug|Any CPU.ActiveCfg = Debug|Any CPU
		{A522A7D0-9715-4363-B2F4-DA141B699882}.Debug|Any CPU.Build.0 = Debug|Any CPU
		{A522A7D0-9715-4363-B2F4-DA141B699882}.Release|Any CPU.ActiveCfg = Release|Any CPU
		{A522A7D0-9715-4363-B2F4-DA141B699882}.Release|Any CPU.Build.0 = Release|Any CPU
		{D7E511DB-7E14-4351-875D-10C9DA9FC6EB}.Debug|Any CPU.ActiveCfg = Debug|Any CPU
		{D7E511DB-7E14-4351-875D-10C9DA9FC6EB}.Debug|Any CPU.Build.0 = Debug|Any CPU
		{D7E511DB-7E14-4351-875D-10C9DA9FC6EB}.Release|Any CPU.ActiveCfg = Release|Any CPU
		{D7E511DB-7E14-4351-875D-10C9DA9FC6EB}.Release|Any CPU.Build.0 = Release|Any CPU
		{B972D03F-6820-4798-A5C7-5666FADD354C}.Debug|Any CPU.ActiveCfg = Debug|Any CPU
		{B972D03F-6820-4798-A5C7-5666FADD354C}.Debug|Any CPU.Build.0 = Debug|Any CPU
		{B972D03F-6820-4798-A5C7-5666FADD354C}.Release|Any CPU.ActiveCfg = Release|Any CPU
		{B972D03F-6820-4798-A5C7-5666FADD354C}.Release|Any CPU.Build.0 = Release|Any CPU
	EndGlobalSection
	GlobalSection(SolutionProperties) = preSolution
		HideSolutionNode = FALSE
	EndGlobalSection
	GlobalSection(ExtensibilityGlobals) = postSolution
		SolutionGuid = {DC52FA62-7004-44BF-9B72-DD6CEBE23453}
	EndGlobalSection
EndGlobal
